
Microsoft Visual Studio Solution File, Format Version 12.00
# Visual Studio 15
VisualStudioVersion = 15.0.27703.2047
MinimumVisualStudioVersion = 10.0.40219.1
Project("{FAE04EC0-301F-11D3-BF4B-00C04F79EFBC}") = "SpiderApp", "SpiderApp\SpiderApp.csproj", "{5182DF56-673D-4039-91A1-353110AC46A2}"
EndProject
Project("{FAE04EC0-301F-11D3-BF4B-00C04F79EFBC}") = "WindowsFormsApp1", "WindowsFormsApp1\WindowsFormsApp1.csproj", "{0592B2B2-966F-4BF8-BFBB-1E1BCDF841B9}"
EndProject
Global
	GlobalSection(SolutionConfigurationPlatforms) = preSolution
		Debug|Any CPU = Debug|Any CPU
		Release|Any CPU = Release|Any CPU
	EndGlobalSection
	GlobalSection(ProjectConfigurationPlatforms) = postSolution
		{5182DF56-673D-4039-91A1-353110AC46A2}.Debug|Any CPU.ActiveCfg = Debug|Any CPU
		{5182DF56-673D-4039-91A1-353110AC46A2}.Debug|Any CPU.Build.0 = Debug|Any CPU
		{5182DF56-673D-4039-91A1-353110AC46A2}.Release|Any CPU.ActiveCfg = Release|Any CPU
		{5182DF56-673D-4039-91A1-353110AC46A2}.Release|Any CPU.Build.0 = Release|Any CPU
		{0592B2B2-966F-4BF8-BFBB-1E1BCDF841B9}.Debug|Any CPU.ActiveCfg = Debug|Any CPU
		{0592B2B2-966F-4BF8-BFBB-1E1BCDF841B9}.Debug|Any CPU.Build.0 = Debug|Any CPU
		{0592B2B2-966F-4BF8-BFBB-1E1BCDF841B9}.Release|Any CPU.ActiveCfg = Release|Any CPU
		{0592B2B2-966F-4BF8-BFBB-1E1BCDF841B9}.Release|Any CPU.Build.0 = Release|Any CPU
	EndGlobalSection
	GlobalSection(SolutionProperties) = preSolution
		HideSolutionNode = FALSE
	EndGlobalSection
	GlobalSection(ExtensibilityGlobals) = postSolution
		SolutionGuid = {0DDF9179-2623-4473-852D-BAF371B9ADEB}
	EndGlobalSection
EndGlobal
